
Microsoft Visual Studio Solution File, Format Version 12.00
# Visual Studio Version 16
VisualStudioVersion = 16.0.34601.136
MinimumVisualStudioVersion = 10.0.40219.1
Project("{FAE04EC0-301F-11D3-BF4B-00C04F79EFBC}") = "Formation", "Formation.csproj", "{67612D79-0611-409D-BEC0-45D67A5A2341}"
EndProject
Global
	GlobalSection(SolutionConfigurationPlatforms) = preSolution
		Debug|Any CPU = Debug|Any CPU
		Release|Any CPU = Release|Any CPU
	EndGlobalSection
	GlobalSection(ProjectConfigurationPlatforms) = postSolution
		{67612D79-0611-409D-BEC0-45D67A5A2341}.Debug|Any CPU.ActiveCfg = Debug|Any CPU
		{67612D79-0611-409D-BEC0-45D67A5A2341}.Debug|Any CPU.Build.0 = Debug|Any CPU
		{67612D79-0611-409D-BEC0-45D67A5A2341}.Release|Any CPU.ActiveCfg = Release|Any CPU
		{67612D79-0611-409D-BEC0-45D67A5A2341}.Release|Any CPU.Build.0 = Release|Any CPU
	EndGlobalSection
	GlobalSection(SolutionProperties) = preSolution
		HideSolutionNode = FALSE
	EndGlobalSection
	GlobalSection(ExtensibilityGlobals) = postSolution
		SolutionGuid = {EF61DB1F-FD53-43B2-94E1-05E385CD8A9D}
	EndGlobalSection
EndGlobal
